
Microsoft Visual Studio Solution File, Format Version 12.00
# Visual Studio Version 17
VisualStudioVersion = 17.12.35527.113
MinimumVisualStudioVersion = 10.0.40219.1
Project("{FAE04EC0-301F-11D3-BF4B-00C04F79EFBC}") = "Assignments", "Assignments\Assignments.csproj", "{77803573-5593-482C-A4ED-6FEB99DAE245}"
EndProject
Project("{FAE04EC0-301F-11D3-BF4B-00C04F79EFBC}") = "OOP 02", "OOP 02\OOP 02.csproj", "{7E4D5E68-BF6B-4F29-A41E-966709105E30}"
EndProject
Project("{FAE04EC0-301F-11D3-BF4B-00C04F79EFBC}") = "OOP 03", "OOP 03\OOP 03.csproj", "{C9E47AAD-83CC-41D1-96C1-E80F38776E3E}"
EndProject
Project("{FAE04EC0-301F-11D3-BF4B-00C04F79EFBC}") = "OOP 04", "OOP 04\OOP 04.csproj", "{D34E496E-10B7-409F-B5B2-2FFC730DF106}"
EndProject
Project("{2150E333-8FDC-42A3-9474-1A3956D46DE8}") = "Advanced C#", "Advanced C#", "{4E5B8FCE-5D7E-4A3B-8165-4F4ABC3460CD}"
EndProject
Project("{FAE04EC0-301F-11D3-BF4B-00C04F79EFBC}") = "Session 01", "Session 01\Session 01.csproj", "{336A02F2-5934-4231-8A5B-938384356AE7}"
EndProject
Global
	GlobalSection(SolutionConfigurationPlatforms) = preSolution
		Debug|Any CPU = Debug|Any CPU
		Release|Any CPU = Release|Any CPU
	EndGlobalSection
	GlobalSection(ProjectConfigurationPlatforms) = postSolution
		{77803573-5593-482C-A4ED-6FEB99DAE245}.Debug|Any CPU.ActiveCfg = Debug|Any CPU
		{77803573-5593-482C-A4ED-6FEB99DAE245}.Debug|Any CPU.Build.0 = Debug|Any CPU
		{77803573-5593-482C-A4ED-6FEB99DAE245}.Release|Any CPU.ActiveCfg = Release|Any CPU
		{77803573-5593-482C-A4ED-6FEB99DAE245}.Release|Any CPU.Build.0 = Release|Any CPU
		{7E4D5E68-BF6B-4F29-A41E-966709105E30}.Debug|Any CPU.ActiveCfg = Debug|Any CPU
		{7E4D5E68-BF6B-4F29-A41E-966709105E30}.Debug|Any CPU.Build.0 = Debug|Any CPU
		{7E4D5E68-BF6B-4F29-A41E-966709105E30}.Release|Any CPU.ActiveCfg = Release|Any CPU
		{7E4D5E68-BF6B-4F29-A41E-966709105E30}.Release|Any CPU.Build.0 = Release|Any CPU
		{C9E47AAD-83CC-41D1-96C1-E80F38776E3E}.Debug|Any CPU.ActiveCfg = Debug|Any CPU
		{C9E47AAD-83CC-41D1-96C1-E80F38776E3E}.Debug|Any CPU.Build.0 = Debug|Any CPU
		{C9E47AAD-83CC-41D1-96C1-E80F38776E3E}.Release|Any CPU.ActiveCfg = Release|Any CPU
		{C9E47AAD-83CC-41D1-96C1-E80F38776E3E}.Release|Any CPU.Build.0 = Release|Any CPU
		{D34E496E-10B7-409F-B5B2-2FFC730DF106}.Debug|Any CPU.ActiveCfg = Debug|Any CPU
		{D34E496E-10B7-409F-B5B2-2FFC730DF106}.Debug|Any CPU.Build.0 = Debug|Any CPU
		{D34E496E-10B7-409F-B5B2-2FFC730DF106}.Release|Any CPU.ActiveCfg = Release|Any CPU
		{D34E496E-10B7-409F-B5B2-2FFC730DF106}.Release|Any CPU.Build.0 = Release|Any CPU
		{336A02F2-5934-4231-8A5B-938384356AE7}.Debug|Any CPU.ActiveCfg = Debug|Any CPU
		{336A02F2-5934-4231-8A5B-938384356AE7}.Debug|Any CPU.Build.0 = Debug|Any CPU
		{336A02F2-5934-4231-8A5B-938384356AE7}.Release|Any CPU.ActiveCfg = Release|Any CPU
		{336A02F2-5934-4231-8A5B-938384356AE7}.Release|Any CPU.Build.0 = Release|Any CPU
	EndGlobalSection
	GlobalSection(SolutionProperties) = preSolution
		HideSolutionNode = FALSE
	EndGlobalSection
	GlobalSection(NestedProjects) = preSolution
		{336A02F2-5934-4231-8A5B-938384356AE7} = {4E5B8FCE-5D7E-4A3B-8165-4F4ABC3460CD}
	EndGlobalSection
EndGlobal
