
Microsoft Visual Studio Solution File, Format Version 12.00
# Visual Studio Version 17
VisualStudioVersion = 17.12.35527.113
MinimumVisualStudioVersion = 10.0.40219.1
Project("{FAE04EC0-301F-11D3-BF4B-00C04F79EFBC}") = "Assignments", "Assignments\Assignments.csproj", "{77803573-5593-482C-A4ED-6FEB99DAE245}"
EndProject
Project("{FAE04EC0-301F-11D3-BF4B-00C04F79EFBC}") = "OOP 02", "OOP 02\OOP 02.csproj", "{7E4D5E68-BF6B-4F29-A41E-966709105E30}"
EndProject
Global
	GlobalSection(SolutionConfigurationPlatforms) = preSolution
		Debug|Any CPU = Debug|Any CPU
		Release|Any CPU = Release|Any CPU
	EndGlobalSection
	GlobalSection(ProjectConfigurationPlatforms) = postSolution
		{77803573-5593-482C-A4ED-6FEB99DAE245}.Debug|Any CPU.ActiveCfg = Debug|Any CPU
		{77803573-5593-482C-A4ED-6FEB99DAE245}.Debug|Any CPU.Build.0 = Debug|Any CPU
		{77803573-5593-482C-A4ED-6FEB99DAE245}.Release|Any CPU.ActiveCfg = Release|Any CPU
		{77803573-5593-482C-A4ED-6FEB99DAE245}.Release|Any CPU.Build.0 = Release|Any CPU
		{7E4D5E68-BF6B-4F29-A41E-966709105E30}.Debug|Any CPU.ActiveCfg = Debug|Any CPU
		{7E4D5E68-BF6B-4F29-A41E-966709105E30}.Debug|Any CPU.Build.0 = Debug|Any CPU
		{7E4D5E68-BF6B-4F29-A41E-966709105E30}.Release|Any CPU.ActiveCfg = Release|Any CPU
		{7E4D5E68-BF6B-4F29-A41E-966709105E30}.Release|Any CPU.Build.0 = Release|Any CPU
	EndGlobalSection
	GlobalSection(SolutionProperties) = preSolution
		HideSolutionNode = FALSE
	EndGlobalSection
EndGlobal
