
Microsoft Visual Studio Solution File, Format Version 12.00
# Visual Studio Version 17
VisualStudioVersion = 17.12.35527.113
MinimumVisualStudioVersion = 10.0.40219.1
Project("{FAE04EC0-301F-11D3-BF4B-00C04F79EFBC}") = "Assignments", "Assignments\Assignments.csproj", "{77803573-5593-482C-A4ED-6FEB99DAE245}"
EndProject
Project("{FAE04EC0-301F-11D3-BF4B-00C04F79EFBC}") = "OOP 02", "OOP 02\OOP 02.csproj", "{7E4D5E68-BF6B-4F29-A41E-966709105E30}"
EndProject
Project("{FAE04EC0-301F-11D3-BF4B-00C04F79EFBC}") = "OOP 03", "OOP 03\OOP 03.csproj", "{C9E47AAD-83CC-41D1-96C1-E80F38776E3E}"
EndProject
Project("{FAE04EC0-301F-11D3-BF4B-00C04F79EFBC}") = "OOP 04", "OOP 04\OOP 04.csproj", "{D34E496E-10B7-409F-B5B2-2FFC730DF106}"
EndProject
Project("{2150E333-8FDC-42A3-9474-1A3956D46DE8}") = "Advanced C#", "Advanced C#", "{4E5B8FCE-5D7E-4A3B-8165-4F4ABC3460CD}"
EndProject
Project("{FAE04EC0-301F-11D3-BF4B-00C04F79EFBC}") = "Session 01", "Session 01\Session 01.csproj", "{336A02F2-5934-4231-8A5B-938384356AE7}"
EndProject
Project("{FAE04EC0-301F-11D3-BF4B-00C04F79EFBC}") = "Session 02", "Session 02\Session 02.csproj", "{E09849C9-F449-4248-9FC0-8D6C85FDB002}"
EndProject
Project("{FAE04EC0-301F-11D3-BF4B-00C04F79EFBC}") = "Session 03", "Session 03\Session 03.csproj", "{1A686F64-1C4A-4900-8B38-D3071985B1C3}"
EndProject
Project("{2150E333-8FDC-42A3-9474-1A3956D46DE8}") = "LINQ", "LINQ", "{1FE4AEE1-FA1D-4C71-98C4-43A480B0CB06}"
EndProject
Project("{FAE04EC0-301F-11D3-BF4B-00C04F79EFBC}") = "Session01", "Session01\Session01.csproj", "{C5F7565D-2618-429B-8E7E-277390EAE5FD}"
EndProject
Project("{FAE04EC0-301F-11D3-BF4B-00C04F79EFBC}") = "Session 04", "Session 04\Session 04.csproj", "{242AF47D-34C7-403E-A3D2-5329D1568187}"
EndProject
Project("{FAE04EC0-301F-11D3-BF4B-00C04F79EFBC}") = "Session02", "Session02\Session02.csproj", "{C4DF238A-845B-449D-B923-C32983458937}"
EndProject
Project("{2150E333-8FDC-42A3-9474-1A3956D46DE8}") = "EF Core", "EF Core", "{02EA681E-C7D8-13C7-8484-4AC65E1B71E8}"
EndProject
Project("{FAE04EC0-301F-11D3-BF4B-00C04F79EFBC}") = "EFSession01", "EFSession01\EFSession01.csproj", "{D90ED420-5927-4751-93A9-580188AD3022}"
EndProject
Project("{FAE04EC0-301F-11D3-BF4B-00C04F79EFBC}") = "EFSession02", "EFSession02\EFSession02.csproj", "{59F68BC4-AF1F-4466-B4E2-E7C5FD7D965B}"
EndProject
Global
	GlobalSection(SolutionConfigurationPlatforms) = preSolution
		Debug|Any CPU = Debug|Any CPU
		Release|Any CPU = Release|Any CPU
	EndGlobalSection
	GlobalSection(ProjectConfigurationPlatforms) = postSolution
		{77803573-5593-482C-A4ED-6FEB99DAE245}.Debug|Any CPU.ActiveCfg = Debug|Any CPU
		{77803573-5593-482C-A4ED-6FEB99DAE245}.Debug|Any CPU.Build.0 = Debug|Any CPU
		{77803573-5593-482C-A4ED-6FEB99DAE245}.Release|Any CPU.ActiveCfg = Release|Any CPU
		{77803573-5593-482C-A4ED-6FEB99DAE245}.Release|Any CPU.Build.0 = Release|Any CPU
		{7E4D5E68-BF6B-4F29-A41E-966709105E30}.Debug|Any CPU.ActiveCfg = Debug|Any CPU
		{7E4D5E68-BF6B-4F29-A41E-966709105E30}.Debug|Any CPU.Build.0 = Debug|Any CPU
		{7E4D5E68-BF6B-4F29-A41E-966709105E30}.Release|Any CPU.ActiveCfg = Release|Any CPU
		{7E4D5E68-BF6B-4F29-A41E-966709105E30}.Release|Any CPU.Build.0 = Release|Any CPU
		{C9E47AAD-83CC-41D1-96C1-E80F38776E3E}.Debug|Any CPU.ActiveCfg = Debug|Any CPU
		{C9E47AAD-83CC-41D1-96C1-E80F38776E3E}.Debug|Any CPU.Build.0 = Debug|Any CPU
		{C9E47AAD-83CC-41D1-96C1-E80F38776E3E}.Release|Any CPU.ActiveCfg = Release|Any CPU
		{C9E47AAD-83CC-41D1-96C1-E80F38776E3E}.Release|Any CPU.Build.0 = Release|Any CPU
		{D34E496E-10B7-409F-B5B2-2FFC730DF106}.Debug|Any CPU.ActiveCfg = Debug|Any CPU
		{D34E496E-10B7-409F-B5B2-2FFC730DF106}.Debug|Any CPU.Build.0 = Debug|Any CPU
		{D34E496E-10B7-409F-B5B2-2FFC730DF106}.Release|Any CPU.ActiveCfg = Release|Any CPU
		{D34E496E-10B7-409F-B5B2-2FFC730DF106}.Release|Any CPU.Build.0 = Release|Any CPU
		{336A02F2-5934-4231-8A5B-938384356AE7}.Debug|Any CPU.ActiveCfg = Debug|Any CPU
		{336A02F2-5934-4231-8A5B-938384356AE7}.Debug|Any CPU.Build.0 = Debug|Any CPU
		{336A02F2-5934-4231-8A5B-938384356AE7}.Release|Any CPU.ActiveCfg = Release|Any CPU
		{336A02F2-5934-4231-8A5B-938384356AE7}.Release|Any CPU.Build.0 = Release|Any CPU
		{E09849C9-F449-4248-9FC0-8D6C85FDB002}.Debug|Any CPU.ActiveCfg = Debug|Any CPU
		{E09849C9-F449-4248-9FC0-8D6C85FDB002}.Debug|Any CPU.Build.0 = Debug|Any CPU
		{E09849C9-F449-4248-9FC0-8D6C85FDB002}.Release|Any CPU.ActiveCfg = Release|Any CPU
		{E09849C9-F449-4248-9FC0-8D6C85FDB002}.Release|Any CPU.Build.0 = Release|Any CPU
		{1A686F64-1C4A-4900-8B38-D3071985B1C3}.Debug|Any CPU.ActiveCfg = Debug|Any CPU
		{1A686F64-1C4A-4900-8B38-D3071985B1C3}.Debug|Any CPU.Build.0 = Debug|Any CPU
		{1A686F64-1C4A-4900-8B38-D3071985B1C3}.Release|Any CPU.ActiveCfg = Release|Any CPU
		{1A686F64-1C4A-4900-8B38-D3071985B1C3}.Release|Any CPU.Build.0 = Release|Any CPU
		{C5F7565D-2618-429B-8E7E-277390EAE5FD}.Debug|Any CPU.ActiveCfg = Debug|Any CPU
		{C5F7565D-2618-429B-8E7E-277390EAE5FD}.Debug|Any CPU.Build.0 = Debug|Any CPU
		{C5F7565D-2618-429B-8E7E-277390EAE5FD}.Release|Any CPU.ActiveCfg = Release|Any CPU
		{C5F7565D-2618-429B-8E7E-277390EAE5FD}.Release|Any CPU.Build.0 = Release|Any CPU
		{242AF47D-34C7-403E-A3D2-5329D1568187}.Debug|Any CPU.ActiveCfg = Debug|Any CPU
		{242AF47D-34C7-403E-A3D2-5329D1568187}.Debug|Any CPU.Build.0 = Debug|Any CPU
		{242AF47D-34C7-403E-A3D2-5329D1568187}.Release|Any CPU.ActiveCfg = Release|Any CPU
		{242AF47D-34C7-403E-A3D2-5329D1568187}.Release|Any CPU.Build.0 = Release|Any CPU
		{C4DF238A-845B-449D-B923-C32983458937}.Debug|Any CPU.ActiveCfg = Debug|Any CPU
		{C4DF238A-845B-449D-B923-C32983458937}.Debug|Any CPU.Build.0 = Debug|Any CPU
		{C4DF238A-845B-449D-B923-C32983458937}.Release|Any CPU.ActiveCfg = Release|Any CPU
		{C4DF238A-845B-449D-B923-C32983458937}.Release|Any CPU.Build.0 = Release|Any CPU
		{D90ED420-5927-4751-93A9-580188AD3022}.Debug|Any CPU.ActiveCfg = Debug|Any CPU
		{D90ED420-5927-4751-93A9-580188AD3022}.Debug|Any CPU.Build.0 = Debug|Any CPU
		{D90ED420-5927-4751-93A9-580188AD3022}.Release|Any CPU.ActiveCfg = Release|Any CPU
		{D90ED420-5927-4751-93A9-580188AD3022}.Release|Any CPU.Build.0 = Release|Any CPU
		{59F68BC4-AF1F-4466-B4E2-E7C5FD7D965B}.Debug|Any CPU.ActiveCfg = Debug|Any CPU
		{59F68BC4-AF1F-4466-B4E2-E7C5FD7D965B}.Debug|Any CPU.Build.0 = Debug|Any CPU
		{59F68BC4-AF1F-4466-B4E2-E7C5FD7D965B}.Release|Any CPU.ActiveCfg = Release|Any CPU
		{59F68BC4-AF1F-4466-B4E2-E7C5FD7D965B}.Release|Any CPU.Build.0 = Release|Any CPU
	EndGlobalSection
	GlobalSection(SolutionProperties) = preSolution
		HideSolutionNode = FALSE
	EndGlobalSection
	GlobalSection(NestedProjects) = preSolution
		{336A02F2-5934-4231-8A5B-938384356AE7} = {4E5B8FCE-5D7E-4A3B-8165-4F4ABC3460CD}
		{E09849C9-F449-4248-9FC0-8D6C85FDB002} = {4E5B8FCE-5D7E-4A3B-8165-4F4ABC3460CD}
		{1A686F64-1C4A-4900-8B38-D3071985B1C3} = {4E5B8FCE-5D7E-4A3B-8165-4F4ABC3460CD}
		{C5F7565D-2618-429B-8E7E-277390EAE5FD} = {1FE4AEE1-FA1D-4C71-98C4-43A480B0CB06}
		{242AF47D-34C7-403E-A3D2-5329D1568187} = {4E5B8FCE-5D7E-4A3B-8165-4F4ABC3460CD}
		{C4DF238A-845B-449D-B923-C32983458937} = {1FE4AEE1-FA1D-4C71-98C4-43A480B0CB06}
		{D90ED420-5927-4751-93A9-580188AD3022} = {02EA681E-C7D8-13C7-8484-4AC65E1B71E8}
		{59F68BC4-AF1F-4466-B4E2-E7C5FD7D965B} = {02EA681E-C7D8-13C7-8484-4AC65E1B71E8}
	EndGlobalSection
	GlobalSection(ExtensibilityGlobals) = postSolution
		SolutionGuid = {D0BCE8D0-7582-4966-B5F4-1C80647B2A9B}
	EndGlobalSection
EndGlobal
